// !$*UTF8*$!
{
	archiveVersion = 1;
	classes = {
	};
	objectVersion = 56;
	objects = {

/* Begin PBXBuildFile section */
		970D91742C766553004C219E /* HomeView.swift in Sources */ = {isa = PBXBuildFile; fileRef = 970D91732C766553004C219E /* HomeView.swift */; };
		970D91782C76673B004C219E /* CircleButton.swift in Sources */ = {isa = PBXBuildFile; fileRef = 970D91772C76673B004C219E /* CircleButton.swift */; };
		977994D32C767C95001C97B4 /* CoinModel.swift in Sources */ = {isa = PBXBuildFile; fileRef = 977994D22C767C95001C97B4 /* CoinModel.swift */; };
		977994D52C769A1A001C97B4 /* CryptoService.swift in Sources */ = {isa = PBXBuildFile; fileRef = 977994D42C769A1A001C97B4 /* CryptoService.swift */; };
		97DBDF882C75012F0052CD28 /* CryptoAppApp.swift in Sources */ = {isa = PBXBuildFile; fileRef = 97DBDF872C75012F0052CD28 /* CryptoAppApp.swift */; };
		97DBDF8A2C75012F0052CD28 /* ContentView.swift in Sources */ = {isa = PBXBuildFile; fileRef = 97DBDF892C75012F0052CD28 /* ContentView.swift */; };
		97DBDF8F2C7501310052CD28 /* Preview Assets.xcassets in Resources */ = {isa = PBXBuildFile; fileRef = 97DBDF8E2C7501310052CD28 /* Preview Assets.xcassets */; };
		97DBDF962C7502C50052CD28 /* Assets.xcassets in Resources */ = {isa = PBXBuildFile; fileRef = 97DBDF952C7502C50052CD28 /* Assets.xcassets */; };
		97DBDF992C7504220052CD28 /* Color.swift in Sources */ = {isa = PBXBuildFile; fileRef = 97DBDF982C7504220052CD28 /* Color.swift */; };
/* End PBXBuildFile section */

/* Begin PBXFileReference section */
		970D91732C766553004C219E /* HomeView.swift */ = {isa = PBXFileReference; lastKnownFileType = sourcecode.swift; path = HomeView.swift; sourceTree = "<group>"; };
		970D91772C76673B004C219E /* CircleButton.swift */ = {isa = PBXFileReference; lastKnownFileType = sourcecode.swift; path = CircleButton.swift; sourceTree = "<group>"; };
		977994D22C767C95001C97B4 /* CoinModel.swift */ = {isa = PBXFileReference; lastKnownFileType = sourcecode.swift; path = CoinModel.swift; sourceTree = "<group>"; };
		977994D42C769A1A001C97B4 /* CryptoService.swift */ = {isa = PBXFileReference; lastKnownFileType = sourcecode.swift; path = CryptoService.swift; sourceTree = "<group>"; };
		97DBDF842C75012F0052CD28 /* CryptoApp.app */ = {isa = PBXFileReference; explicitFileType = wrapper.application; includeInIndex = 0; path = CryptoApp.app; sourceTree = BUILT_PRODUCTS_DIR; };
		97DBDF872C75012F0052CD28 /* CryptoAppApp.swift */ = {isa = PBXFileReference; lastKnownFileType = sourcecode.swift; path = CryptoAppApp.swift; sourceTree = "<group>"; };
		97DBDF892C75012F0052CD28 /* ContentView.swift */ = {isa = PBXFileReference; lastKnownFileType = sourcecode.swift; path = ContentView.swift; sourceTree = "<group>"; };
		97DBDF8E2C7501310052CD28 /* Preview Assets.xcassets */ = {isa = PBXFileReference; lastKnownFileType = folder.assetcatalog; path = "Preview Assets.xcassets"; sourceTree = "<group>"; };
		97DBDF952C7502C50052CD28 /* Assets.xcassets */ = {isa = PBXFileReference; lastKnownFileType = folder.assetcatalog; name = Assets.xcassets; path = ../../Resources/Assets.xcassets; sourceTree = "<group>"; };
		97DBDF982C7504220052CD28 /* Color.swift */ = {isa = PBXFileReference; lastKnownFileType = sourcecode.swift; path = Color.swift; sourceTree = "<group>"; };
/* End PBXFileReference section */

/* Begin PBXFrameworksBuildPhase section */
		97DBDF812C75012F0052CD28 /* Frameworks */ = {
			isa = PBXFrameworksBuildPhase;
			buildActionMask = 2147483647;
			files = (
			);
			runOnlyForDeploymentPostprocessing = 0;
		};
/* End PBXFrameworksBuildPhase section */

/* Begin PBXGroup section */
		970D91702C7664EF004C219E /* Home */ = {
			isa = PBXGroup;
			children = (
				970D91722C766523004C219E /* View */,
				970D91712C766511004C219E /* ViewModels */,
			);
			path = Home;
			sourceTree = "<group>";
		};
		970D91712C766511004C219E /* ViewModels */ = {
			isa = PBXGroup;
			children = (
			);
			path = ViewModels;
			sourceTree = "<group>";
		};
		970D91722C766523004C219E /* View */ = {
			isa = PBXGroup;
			children = (
				970D91732C766553004C219E /* HomeView.swift */,
			);
			path = View;
			sourceTree = "<group>";
		};
		970D91752C76670D004C219E /* Components */ = {
			isa = PBXGroup;
			children = (
				970D91762C766726004C219E /* CircleButton */,
			);
			path = Components;
			sourceTree = "<group>";
		};
		970D91762C766726004C219E /* CircleButton */ = {
			isa = PBXGroup;
			children = (
				970D91772C76673B004C219E /* CircleButton.swift */,
			);
			path = CircleButton;
			sourceTree = "<group>";
		};
		977994D12C76728D001C97B4 /* Models */ = {
			isa = PBXGroup;
			children = (
				977994D22C767C95001C97B4 /* CoinModel.swift */,
			);
			path = Models;
			sourceTree = "<group>";
		};
		97DBDF7B2C75012F0052CD28 = {
			isa = PBXGroup;
			children = (
				97DBDF862C75012F0052CD28 /* CryptoApp */,
				97DBDF852C75012F0052CD28 /* Products */,
			);
			sourceTree = "<group>";
		};
		97DBDF852C75012F0052CD28 /* Products */ = {
			isa = PBXGroup;
			children = (
				97DBDF842C75012F0052CD28 /* CryptoApp.app */,
			);
			name = Products;
			sourceTree = "<group>";
		};
		97DBDF862C75012F0052CD28 /* CryptoApp */ = {
			isa = PBXGroup;
			children = (
				97DBDF872C75012F0052CD28 /* CryptoAppApp.swift */,
				97DBDF972C7503FB0052CD28 /* Extensions */,
				97DBDF9A2C7506960052CD28 /* Core */,
				977994D12C76728D001C97B4 /* Models */,
				97DBDF892C75012F0052CD28 /* ContentView.swift */,
				977994D42C769A1A001C97B4 /* CryptoService.swift */,
				97DBDF952C7502C50052CD28 /* Assets.xcassets */,
				97DBDF8D2C7501310052CD28 /* Preview Content */,
			);
			path = CryptoApp;
			sourceTree = "<group>";
		};
		97DBDF8D2C7501310052CD28 /* Preview Content */ = {
			isa = PBXGroup;
			children = (
				97DBDF8E2C7501310052CD28 /* Preview Assets.xcassets */,
			);
			path = "Preview Content";
			sourceTree = "<group>";
		};
		97DBDF972C7503FB0052CD28 /* Extensions */ = {
			isa = PBXGroup;
			children = (
				97DBDF982C7504220052CD28 /* Color.swift */,
			);
			path = Extensions;
			sourceTree = "<group>";
		};
		97DBDF9A2C7506960052CD28 /* Core */ = {
			isa = PBXGroup;
			children = (
				970D91752C76670D004C219E /* Components */,
				970D91702C7664EF004C219E /* Home */,
			);
			path = Core;
			sourceTree = "<group>";
		};
/* End PBXGroup section */

/* Begin PBXNativeTarget section */
		97DBDF832C75012F0052CD28 /* CryptoApp */ = {
			isa = PBXNativeTarget;
			buildConfigurationList = 97DBDF922C7501310052CD28 /* Build configuration list for PBXNativeTarget "CryptoApp" */;
			buildPhases = (
				97DBDF802C75012F0052CD28 /* Sources */,
				97DBDF812C75012F0052CD28 /* Frameworks */,
				97DBDF822C75012F0052CD28 /* Resources */,
			);
			buildRules = (
			);
			dependencies = (
			);
			name = CryptoApp;
			packageProductDependencies = (
			);
			productName = CryptoApp;
			productReference = 97DBDF842C75012F0052CD28 /* CryptoApp.app */;
			productType = "com.apple.product-type.application";
		};
/* End PBXNativeTarget section */

/* Begin PBXProject section */
		97DBDF7C2C75012F0052CD28 /* Project object */ = {
			isa = PBXProject;
			attributes = {
				BuildIndependentTargetsInParallel = 1;
				LastSwiftUpdateCheck = 1540;
				LastUpgradeCheck = 1540;
				TargetAttributes = {
					97DBDF832C75012F0052CD28 = {
						CreatedOnToolsVersion = 15.4;
					};
				};
			};
			buildConfigurationList = 97DBDF7F2C75012F0052CD28 /* Build configuration list for PBXProject "CryptoApp" */;
			compatibilityVersion = "Xcode 14.0";
			developmentRegion = en;
			hasScannedForEncodings = 0;
			knownRegions = (
				en,
				Base,
			);
			mainGroup = 97DBDF7B2C75012F0052CD28;
			packageReferences = (
			);
			productRefGroup = 97DBDF852C75012F0052CD28 /* Products */;
			projectDirPath = "";
			projectRoot = "";
			targets = (
				97DBDF832C75012F0052CD28 /* CryptoApp */,
			);
		};
/* End PBXProject section */

/* Begin PBXResourcesBuildPhase section */
		97DBDF822C75012F0052CD28 /* Resources */ = {
			isa = PBXResourcesBuildPhase;
			buildActionMask = 2147483647;
			files = (
				97DBDF8F2C7501310052CD28 /* Preview Assets.xcassets in Resources */,
				97DBDF962C7502C50052CD28 /* Assets.xcassets in Resources */,
			);
			runOnlyForDeploymentPostprocessing = 0;
		};
/* End PBXResourcesBuildPhase section */

/* Begin PBXSourcesBuildPhase section */
		97DBDF802C75012F0052CD28 /* Sources */ = {
			isa = PBXSourcesBuildPhase;
			buildActionMask = 2147483647;
			files = (
				970D91782C76673B004C219E /* CircleButton.swift in Sources */,
				97DBDF8A2C75012F0052CD28 /* ContentView.swift in Sources */,
				970D91742C766553004C219E /* HomeView.swift in Sources */,
				97DBDF882C75012F0052CD28 /* CryptoAppApp.swift in Sources */,
				977994D32C767C95001C97B4 /* CoinModel.swift in Sources */,
				97DBDF992C7504220052CD28 /* Color.swift in Sources */,
				977994D52C769A1A001C97B4 /* CryptoService.swift in Sources */,
			);
			runOnlyForDeploymentPostprocessing = 0;
		};
/* End PBXSourcesBuildPhase section */

/* Begin XCBuildConfiguration section */
		97DBDF902C7501310052CD28 /* Debug */ = {
			isa = XCBuildConfiguration;
			buildSettings = {
				ALWAYS_SEARCH_USER_PATHS = NO;
				ASSETCATALOG_COMPILER_GENERATE_SWIFT_ASSET_SYMBOL_EXTENSIONS = YES;
				CLANG_ANALYZER_NONNULL = YES;
				CLANG_ANALYZER_NUMBER_OBJECT_CONVERSION = YES_AGGRESSIVE;
				CLANG_CXX_LANGUAGE_STANDARD = "gnu++20";
				CLANG_ENABLE_MODULES = YES;
				CLANG_ENABLE_OBJC_ARC = YES;
				CLANG_ENABLE_OBJC_WEAK = YES;
				CLANG_WARN_BLOCK_CAPTURE_AUTORELEASING = YES;
				CLANG_WARN_BOOL_CONVERSION = YES;
				CLANG_WARN_COMMA = YES;
				CLANG_WARN_CONSTANT_CONVERSION = YES;
				CLANG_WARN_DEPRECATED_OBJC_IMPLEMENTATIONS = YES;
				CLANG_WARN_DIRECT_OBJC_ISA_USAGE = YES_ERROR;
				CLANG_WARN_DOCUMENTATION_COMMENTS = YES;
				CLANG_WARN_EMPTY_BODY = YES;
				CLANG_WARN_ENUM_CONVERSION = YES;
				CLANG_WARN_INFINITE_RECURSION = YES;
				CLANG_WARN_INT_CONVERSION = YES;
				CLANG_WARN_NON_LITERAL_NULL_CONVERSION = YES;
				CLANG_WARN_OBJC_IMPLICIT_RETAIN_SELF = YES;
				CLANG_WARN_OBJC_LITERAL_CONVERSION = YES;
				CLANG_WARN_OBJC_ROOT_CLASS = YES_ERROR;
				CLANG_WARN_QUOTED_INCLUDE_IN_FRAMEWORK_HEADER = YES;
				CLANG_WARN_RANGE_LOOP_ANALYSIS = YES;
				CLANG_WARN_STRICT_PROTOTYPES = YES;
				CLANG_WARN_SUSPICIOUS_MOVE = YES;
				CLANG_WARN_UNGUARDED_AVAILABILITY = YES_AGGRESSIVE;
				CLANG_WARN_UNREACHABLE_CODE = YES;
				CLANG_WARN__DUPLICATE_METHOD_MATCH = YES;
				COPY_PHASE_STRIP = NO;
				DEBUG_INFORMATION_FORMAT = dwarf;
				ENABLE_STRICT_OBJC_MSGSEND = YES;
				ENABLE_TESTABILITY = YES;
				ENABLE_USER_SCRIPT_SANDBOXING = YES;
				GCC_C_LANGUAGE_STANDARD = gnu17;
				GCC_DYNAMIC_NO_PIC = NO;
				GCC_NO_COMMON_BLOCKS = YES;
				GCC_OPTIMIZATION_LEVEL = 0;
				GCC_PREPROCESSOR_DEFINITIONS = (
					"DEBUG=1",
					"$(inherited)",
				);
				GCC_WARN_64_TO_32_BIT_CONVERSION = YES;
				GCC_WARN_ABOUT_RETURN_TYPE = YES_ERROR;
				GCC_WARN_UNDECLARED_SELECTOR = YES;
				GCC_WARN_UNINITIALIZED_AUTOS = YES_AGGRESSIVE;
				GCC_WARN_UNUSED_FUNCTION = YES;
				GCC_WARN_UNUSED_VARIABLE = YES;
				IPHONEOS_DEPLOYMENT_TARGET = 17.0;
				LOCALIZATION_PREFERS_STRING_CATALOGS = YES;
				MTL_ENABLE_DEBUG_INFO = INCLUDE_SOURCE;
				MTL_FAST_MATH = YES;
				ONLY_ACTIVE_ARCH = YES;
				SDKROOT = iphoneos;
				SWIFT_ACTIVE_COMPILATION_CONDITIONS = "DEBUG $(inherited)";
				SWIFT_OPTIMIZATION_LEVEL = "-Onone";
			};
			name = Debug;
		};
		97DBDF912C7501310052CD28 /* Release */ = {
			isa = XCBuildConfiguration;
			buildSettings = {
				ALWAYS_SEARCH_USER_PATHS = NO;
				ASSETCATALOG_COMPILER_GENERATE_SWIFT_ASSET_SYMBOL_EXTENSIONS = YES;
				CLANG_ANALYZER_NONNULL = YES;
				CLANG_ANALYZER_NUMBER_OBJECT_CONVERSION = YES_AGGRESSIVE;
				CLANG_CXX_LANGUAGE_STANDARD = "gnu++20";
				CLANG_ENABLE_MODULES = YES;
				CLANG_ENABLE_OBJC_ARC = YES;
				CLANG_ENABLE_OBJC_WEAK = YES;
				CLANG_WARN_BLOCK_CAPTURE_AUTORELEASING = YES;
				CLANG_WARN_BOOL_CONVERSION = YES;
				CLANG_WARN_COMMA = YES;
				CLANG_WARN_CONSTANT_CONVERSION = YES;
				CLANG_WARN_DEPRECATED_OBJC_IMPLEMENTATIONS = YES;
				CLANG_WARN_DIRECT_OBJC_ISA_USAGE = YES_ERROR;
				CLANG_WARN_DOCUMENTATION_COMMENTS = YES;
				CLANG_WARN_EMPTY_BODY = YES;
				CLANG_WARN_ENUM_CONVERSION = YES;
				CLANG_WARN_INFINITE_RECURSION = YES;
				CLANG_WARN_INT_CONVERSION = YES;
				CLANG_WARN_NON_LITERAL_NULL_CONVERSION = YES;
				CLANG_WARN_OBJC_IMPLICIT_RETAIN_SELF = YES;
				CLANG_WARN_OBJC_LITERAL_CONVERSION = YES;
				CLANG_WARN_OBJC_ROOT_CLASS = YES_ERROR;
				CLANG_WARN_QUOTED_INCLUDE_IN_FRAMEWORK_HEADER = YES;
				CLANG_WARN_RANGE_LOOP_ANALYSIS = YES;
				CLANG_WARN_STRICT_PROTOTYPES = YES;
				CLANG_WARN_SUSPICIOUS_MOVE = YES;
				CLANG_WARN_UNGUARDED_AVAILABILITY = YES_AGGRESSIVE;
				CLANG_WARN_UNREACHABLE_CODE = YES;
				CLANG_WARN__DUPLICATE_METHOD_MATCH = YES;
				COPY_PHASE_STRIP = NO;
				DEBUG_INFORMATION_FORMAT = "dwarf-with-dsym";
				ENABLE_NS_ASSERTIONS = NO;
				ENABLE_STRICT_OBJC_MSGSEND = YES;
				ENABLE_USER_SCRIPT_SANDBOXING = YES;
				GCC_C_LANGUAGE_STANDARD = gnu17;
				GCC_NO_COMMON_BLOCKS = YES;
				GCC_WARN_64_TO_32_BIT_CONVERSION = YES;
				GCC_WARN_ABOUT_RETURN_TYPE = YES_ERROR;
				GCC_WARN_UNDECLARED_SELECTOR = YES;
				GCC_WARN_UNINITIALIZED_AUTOS = YES_AGGRESSIVE;
				GCC_WARN_UNUSED_FUNCTION = YES;
				GCC_WARN_UNUSED_VARIABLE = YES;
				IPHONEOS_DEPLOYMENT_TARGET = 17.0;
				LOCALIZATION_PREFERS_STRING_CATALOGS = YES;
				MTL_ENABLE_DEBUG_INFO = NO;
				MTL_FAST_MATH = YES;
				SDKROOT = iphoneos;
				SWIFT_COMPILATION_MODE = wholemodule;
				VALIDATE_PRODUCT = YES;
			};
			name = Release;
		};
		97DBDF932C7501310052CD28 /* Debug */ = {
			isa = XCBuildConfiguration;
			buildSettings = {
				ASSETCATALOG_COMPILER_APPICON_NAME = AppIcon;
				ASSETCATALOG_COMPILER_GLOBAL_ACCENT_COLOR_NAME = AccentColor;
				CODE_SIGN_STYLE = Automatic;
				CURRENT_PROJECT_VERSION = 1;
				DEVELOPMENT_ASSET_PATHS = "\"CryptoApp/Preview Content\"";
				DEVELOPMENT_TEAM = J532CQDTM9;
				ENABLE_PREVIEWS = YES;
				GENERATE_INFOPLIST_FILE = YES;
				INFOPLIST_KEY_CFBundleDisplayName = "Cryptio Tracker";
				INFOPLIST_KEY_UIApplicationSceneManifest_Generation = YES;
				INFOPLIST_KEY_UIApplicationSupportsIndirectInputEvents = YES;
				INFOPLIST_KEY_UILaunchScreen_Generation = YES;
				INFOPLIST_KEY_UISupportedInterfaceOrientations = UIInterfaceOrientationPortrait;
				LD_RUNPATH_SEARCH_PATHS = (
					"$(inherited)",
					"@executable_path/Frameworks",
				);
				MARKETING_VERSION = 1.0;
				PRODUCT_BUNDLE_IDENTIFIER = rohan.CryptoApp;
				PRODUCT_NAME = "$(TARGET_NAME)";
				SWIFT_EMIT_LOC_STRINGS = YES;
				SWIFT_VERSION = 5.0;
				TARGETED_DEVICE_FAMILY = "1,2";
			};
			name = Debug;
		};
		97DBDF942C7501310052CD28 /* Release */ = {
			isa = XCBuildConfiguration;
			buildSettings = {
				ASSETCATALOG_COMPILER_APPICON_NAME = AppIcon;
				ASSETCATALOG_COMPILER_GLOBAL_ACCENT_COLOR_NAME = AccentColor;
				CODE_SIGN_STYLE = Automatic;
				CURRENT_PROJECT_VERSION = 1;
				DEVELOPMENT_ASSET_PATHS = "\"CryptoApp/Preview Content\"";
				DEVELOPMENT_TEAM = J532CQDTM9;
				ENABLE_PREVIEWS = YES;
				GENERATE_INFOPLIST_FILE = YES;
				INFOPLIST_KEY_CFBundleDisplayName = "Cryptio Tracker";
				INFOPLIST_KEY_UIApplicationSceneManifest_Generation = YES;
				INFOPLIST_KEY_UIApplicationSupportsIndirectInputEvents = YES;
				INFOPLIST_KEY_UILaunchScreen_Generation = YES;
				INFOPLIST_KEY_UISupportedInterfaceOrientations = UIInterfaceOrientationPortrait;
				LD_RUNPATH_SEARCH_PATHS = (
					"$(inherited)",
					"@executable_path/Frameworks",
				);
				MARKETING_VERSION = 1.0;
				PRODUCT_BUNDLE_IDENTIFIER = rohan.CryptoApp;
				PRODUCT_NAME = "$(TARGET_NAME)";
				SWIFT_EMIT_LOC_STRINGS = YES;
				SWIFT_VERSION = 5.0;
				TARGETED_DEVICE_FAMILY = "1,2";
			};
			name = Release;
		};
/* End XCBuildConfiguration section */

/* Begin XCConfigurationList section */
		97DBDF7F2C75012F0052CD28 /* Build configuration list for PBXProject "CryptoApp" */ = {
			isa = XCConfigurationList;
			buildConfigurations = (
				97DBDF902C7501310052CD28 /* Debug */,
				97DBDF912C7501310052CD28 /* Release */,
			);
			defaultConfigurationIsVisible = 0;
			defaultConfigurationName = Release;
		};
		97DBDF922C7501310052CD28 /* Build configuration list for PBXNativeTarget "CryptoApp" */ = {
			isa = XCConfigurationList;
			buildConfigurations = (
				97DBDF932C7501310052CD28 /* Debug */,
				97DBDF942C7501310052CD28 /* Release */,
			);
			defaultConfigurationIsVisible = 0;
			defaultConfigurationName = Release;
		};
/* End XCConfigurationList section */
	};
	rootObject = 97DBDF7C2C75012F0052CD28 /* Project object */;
}
